
Microsoft Visual Studio Solution File, Format Version 12.00
# Visual Studio Version 17
VisualStudioVersion = 17.9.34622.214
MinimumVisualStudioVersion = 10.0.40219.1
Project("{FAE04EC0-301F-11D3-BF4B-00C04F79EFBC}") = "Square.APIs", "SquareAPIs\Square.APIs.csproj", "{D8F9232A-C3E9-4CE7-AE0B-CC3ED2C97B9A}"
EndProject
Project("{FAE04EC0-301F-11D3-BF4B-00C04F79EFBC}") = "Square.Core", "Square.Core\Square.Core.csproj", "{64BE602A-EB7B-4B23-9181-C5714848E3FF}"
EndProject
Project("{FAE04EC0-301F-11D3-BF4B-00C04F79EFBC}") = "Square.EFCore", "Square.EFCore\Square.EFCore.csproj", "{78AB2582-F4F9-4687-A115-DD566E0AE993}"
EndProject
Global
	GlobalSection(SolutionConfigurationPlatforms) = preSolution
		Debug|Any CPU = Debug|Any CPU
		Release|Any CPU = Release|Any CPU
	EndGlobalSection
	GlobalSection(ProjectConfigurationPlatforms) = postSolution
		{D8F9232A-C3E9-4CE7-AE0B-CC3ED2C97B9A}.Debug|Any CPU.ActiveCfg = Debug|Any CPU
		{D8F9232A-C3E9-4CE7-AE0B-CC3ED2C97B9A}.Debug|Any CPU.Build.0 = Debug|Any CPU
		{D8F9232A-C3E9-4CE7-AE0B-CC3ED2C97B9A}.Release|Any CPU.ActiveCfg = Release|Any CPU
		{D8F9232A-C3E9-4CE7-AE0B-CC3ED2C97B9A}.Release|Any CPU.Build.0 = Release|Any CPU
		{64BE602A-EB7B-4B23-9181-C5714848E3FF}.Debug|Any CPU.ActiveCfg = Debug|Any CPU
		{64BE602A-EB7B-4B23-9181-C5714848E3FF}.Debug|Any CPU.Build.0 = Debug|Any CPU
		{64BE602A-EB7B-4B23-9181-C5714848E3FF}.Release|Any CPU.ActiveCfg = Release|Any CPU
		{64BE602A-EB7B-4B23-9181-C5714848E3FF}.Release|Any CPU.Build.0 = Release|Any CPU
		{78AB2582-F4F9-4687-A115-DD566E0AE993}.Debug|Any CPU.ActiveCfg = Debug|Any CPU
		{78AB2582-F4F9-4687-A115-DD566E0AE993}.Debug|Any CPU.Build.0 = Debug|Any CPU
		{78AB2582-F4F9-4687-A115-DD566E0AE993}.Release|Any CPU.ActiveCfg = Release|Any CPU
		{78AB2582-F4F9-4687-A115-DD566E0AE993}.Release|Any CPU.Build.0 = Release|Any CPU
	EndGlobalSection
	GlobalSection(SolutionProperties) = preSolution
		HideSolutionNode = FALSE
	EndGlobalSection
	GlobalSection(ExtensibilityGlobals) = postSolution
		SolutionGuid = {EE316361-CF84-4AF2-979E-02A3974CE517}
	EndGlobalSection
EndGlobal
